// !$*UTF8*$!
{
	archiveVersion = 1;
	classes = {
	};
	objectVersion = 46;
	objects = {

/* Begin PBXBuildFile section */
		950BC69E1B69D9FD0088ACC7 /* main.m in Sources */ = {isa = PBXBuildFile; fileRef = 950BC69D1B69D9FD0088ACC7 /* main.m */; };
		950BC6A11B69D9FD0088ACC7 /* AppDelegate.m in Sources */ = {isa = PBXBuildFile; fileRef = 950BC6A01B69D9FD0088ACC7 /* AppDelegate.m */; };
		950BC6A41B69D9FD0088ACC7 /* ViewController.m in Sources */ = {isa = PBXBuildFile; fileRef = 950BC6A31B69D9FD0088ACC7 /* ViewController.m */; };
		950BC6A71B69D9FD0088ACC7 /* Main.storyboard in Resources */ = {isa = PBXBuildFile; fileRef = 950BC6A51B69D9FD0088ACC7 /* Main.storyboard */; };
		950BC6A91B69D9FD0088ACC7 /* Images.xcassets in Resources */ = {isa = PBXBuildFile; fileRef = 950BC6A81B69D9FD0088ACC7 /* Images.xcassets */; };
		950BC6AC1B69D9FD0088ACC7 /* LaunchScreen.xib in Resources */ = {isa = PBXBuildFile; fileRef = 950BC6AA1B69D9FD0088ACC7 /* LaunchScreen.xib */; };
		950BC6B81B69D9FD0088ACC7 /* MoneyExchangeTests.m in Sources */ = {isa = PBXBuildFile; fileRef = 950BC6B71B69D9FD0088ACC7 /* MoneyExchangeTests.m */; };
		950BC6D21B69E7680088ACC7 /* MoneyTypeTableViewCell.m in Sources */ = {isa = PBXBuildFile; fileRef = 950BC6D11B69E7680088ACC7 /* MoneyTypeTableViewCell.m */; };
		950BC70B1B6A21BA0088ACC7 /* MBProgressHUD.m in Sources */ = {isa = PBXBuildFile; fileRef = 950BC6FA1B6A21BA0088ACC7 /* MBProgressHUD.m */; };
		950BC70F1B6A21DD0088ACC7 /* APIClient.m in Sources */ = {isa = PBXBuildFile; fileRef = 950BC70E1B6A21DD0088ACC7 /* APIClient.m */; };
		950BC7141B6B56E90088ACC7 /* Localizable.strings in Resources */ = {isa = PBXBuildFile; fileRef = 950BC7161B6B56E90088ACC7 /* Localizable.strings */; };
		951E1DE41B873E8000778318 /* AFHTTPRequestOperation.m in Sources */ = {isa = PBXBuildFile; fileRef = 951E1DC21B873E8000778318 /* AFHTTPRequestOperation.m */; };
		951E1DE51B873E8000778318 /* AFHTTPRequestOperationManager.m in Sources */ = {isa = PBXBuildFile; fileRef = 951E1DC41B873E8000778318 /* AFHTTPRequestOperationManager.m */; };
		951E1DE61B873E8000778318 /* AFHTTPSessionManager.m in Sources */ = {isa = PBXBuildFile; fileRef = 951E1DC61B873E8000778318 /* AFHTTPSessionManager.m */; };
		951E1DE71B873E8000778318 /* AFNetworkReachabilityManager.m in Sources */ = {isa = PBXBuildFile; fileRef = 951E1DC91B873E8000778318 /* AFNetworkReachabilityManager.m */; };
		951E1DE81B873E8000778318 /* AFSecurityPolicy.m in Sources */ = {isa = PBXBuildFile; fileRef = 951E1DCB1B873E8000778318 /* AFSecurityPolicy.m */; };
		951E1DE91B873E8000778318 /* AFURLConnectionOperation.m in Sources */ = {isa = PBXBuildFile; fileRef = 951E1DCD1B873E8000778318 /* AFURLConnectionOperation.m */; };
		951E1DEA1B873E8000778318 /* AFURLRequestSerialization.m in Sources */ = {isa = PBXBuildFile; fileRef = 951E1DCF1B873E8000778318 /* AFURLRequestSerialization.m */; };
		951E1DEB1B873E8000778318 /* AFURLResponseSerialization.m in Sources */ = {isa = PBXBuildFile; fileRef = 951E1DD11B873E8000778318 /* AFURLResponseSerialization.m */; };
		951E1DEC1B873E8000778318 /* AFURLSessionManager.m in Sources */ = {isa = PBXBuildFile; fileRef = 951E1DD31B873E8000778318 /* AFURLSessionManager.m */; };
		951E1DED1B873E8000778318 /* AFNetworkActivityIndicatorManager.m in Sources */ = {isa = PBXBuildFile; fileRef = 951E1DD61B873E8000778318 /* AFNetworkActivityIndicatorManager.m */; };
		951E1DEE1B873E8000778318 /* UIActivityIndicatorView+AFNetworking.m in Sources */ = {isa = PBXBuildFile; fileRef = 951E1DD81B873E8000778318 /* UIActivityIndicatorView+AFNetworking.m */; };
		951E1DEF1B873E8000778318 /* UIAlertView+AFNetworking.m in Sources */ = {isa = PBXBuildFile; fileRef = 951E1DDA1B873E8000778318 /* UIAlertView+AFNetworking.m */; };
		951E1DF01B873E8000778318 /* UIButton+AFNetworking.m in Sources */ = {isa = PBXBuildFile; fileRef = 951E1DDC1B873E8000778318 /* UIButton+AFNetworking.m */; };
		951E1DF11B873E8000778318 /* UIImageView+AFNetworking.m in Sources */ = {isa = PBXBuildFile; fileRef = 951E1DDE1B873E8000778318 /* UIImageView+AFNetworking.m */; };
		951E1DF21B873E8000778318 /* UIProgressView+AFNetworking.m in Sources */ = {isa = PBXBuildFile; fileRef = 951E1DE11B873E8000778318 /* UIProgressView+AFNetworking.m */; };
		951E1DF31B873E8000778318 /* UIWebView+AFNetworking.m in Sources */ = {isa = PBXBuildFile; fileRef = 951E1DE31B873E8000778318 /* UIWebView+AFNetworking.m */; };
		95BC40771B6B7D1A0061CA7B /* Lato-Bold.ttf in Resources */ = {isa = PBXBuildFile; fileRef = 95BC406E1B6B6D580061CA7B /* Lato-Bold.ttf */; };
		95BC40781B6B7D480061CA7B /* Lato-MediumItalic.ttf in Resources */ = {isa = PBXBuildFile; fileRef = 95BC40721B6B75F50061CA7B /* Lato-MediumItalic.ttf */; };
		95BC40791B6B7D4B0061CA7B /* Lato-Regular.ttf in Resources */ = {isa = PBXBuildFile; fileRef = 95BC406F1B6B6DE80061CA7B /* Lato-Regular.ttf */; };
		95BC407A1B6B7D4E0061CA7B /* Lato-Black.ttf in Resources */ = {isa = PBXBuildFile; fileRef = 95BC406D1B6B6D580061CA7B /* Lato-Black.ttf */; };
		95BC407E1B6B8CEA0061CA7B /* UIImage+Color.m in Sources */ = {isa = PBXBuildFile; fileRef = 95BC407D1B6B8CEA0061CA7B /* UIImage+Color.m */; };
		95FAE6C61B85EFC300667A0A /* Localizable.stringsdict in Resources */ = {isa = PBXBuildFile; fileRef = 95FAE6C81B85EFC300667A0A /* Localizable.stringsdict */; };
/* End PBXBuildFile section */

/* Begin PBXContainerItemProxy section */
		950BC6B21B69D9FD0088ACC7 /* PBXContainerItemProxy */ = {
			isa = PBXContainerItemProxy;
			containerPortal = 950BC6901B69D9FD0088ACC7 /* Project object */;
			proxyType = 1;
			remoteGlobalIDString = 950BC6971B69D9FD0088ACC7;
			remoteInfo = MoneyExchange;
		};
/* End PBXContainerItemProxy section */

/* Begin PBXFileReference section */
		950BC6981B69D9FD0088ACC7 /* MoneyExchange.app */ = {isa = PBXFileReference; explicitFileType = wrapper.application; includeInIndex = 0; path = MoneyExchange.app; sourceTree = BUILT_PRODUCTS_DIR; };
		950BC69C1B69D9FD0088ACC7 /* Info.plist */ = {isa = PBXFileReference; lastKnownFileType = text.plist.xml; path = Info.plist; sourceTree = "<group>"; };
		950BC69D1B69D9FD0088ACC7 /* main.m */ = {isa = PBXFileReference; lastKnownFileType = sourcecode.c.objc; path = main.m; sourceTree = "<group>"; };
		950BC69F1B69D9FD0088ACC7 /* AppDelegate.h */ = {isa = PBXFileReference; lastKnownFileType = sourcecode.c.h; path = AppDelegate.h; sourceTree = "<group>"; };
		950BC6A01B69D9FD0088ACC7 /* AppDelegate.m */ = {isa = PBXFileReference; lastKnownFileType = sourcecode.c.objc; path = AppDelegate.m; sourceTree = "<group>"; };
		950BC6A21B69D9FD0088ACC7 /* ViewController.h */ = {isa = PBXFileReference; lastKnownFileType = sourcecode.c.h; path = ViewController.h; sourceTree = "<group>"; };
		950BC6A31B69D9FD0088ACC7 /* ViewController.m */ = {isa = PBXFileReference; lastKnownFileType = sourcecode.c.objc; path = ViewController.m; sourceTree = "<group>"; };
		950BC6A61B69D9FD0088ACC7 /* Base */ = {isa = PBXFileReference; lastKnownFileType = file.storyboard; name = Base; path = Base.lproj/Main.storyboard; sourceTree = "<group>"; };
		950BC6A81B69D9FD0088ACC7 /* Images.xcassets */ = {isa = PBXFileReference; lastKnownFileType = folder.assetcatalog; path = Images.xcassets; sourceTree = "<group>"; };
		950BC6AB1B69D9FD0088ACC7 /* Base */ = {isa = PBXFileReference; lastKnownFileType = file.xib; name = Base; path = Base.lproj/LaunchScreen.xib; sourceTree = "<group>"; };
		950BC6B11B69D9FD0088ACC7 /* MoneyExchangeTests.xctest */ = {isa = PBXFileReference; explicitFileType = wrapper.cfbundle; includeInIndex = 0; path = MoneyExchangeTests.xctest; sourceTree = BUILT_PRODUCTS_DIR; };
		950BC6B61B69D9FD0088ACC7 /* Info.plist */ = {isa = PBXFileReference; lastKnownFileType = text.plist.xml; path = Info.plist; sourceTree = "<group>"; };
		950BC6B71B69D9FD0088ACC7 /* MoneyExchangeTests.m */ = {isa = PBXFileReference; lastKnownFileType = sourcecode.c.objc; path = MoneyExchangeTests.m; sourceTree = "<group>"; };
		950BC6D01B69E7680088ACC7 /* MoneyTypeTableViewCell.h */ = {isa = PBXFileReference; fileEncoding = 4; lastKnownFileType = sourcecode.c.h; name = MoneyTypeTableViewCell.h; path = Views/MoneyTypeTableViewCell.h; sourceTree = "<group>"; };
		950BC6D11B69E7680088ACC7 /* MoneyTypeTableViewCell.m */ = {isa = PBXFileReference; fileEncoding = 4; lastKnownFileType = sourcecode.c.objc; name = MoneyTypeTableViewCell.m; path = Views/MoneyTypeTableViewCell.m; sourceTree = "<group>"; };
		950BC6F91B6A21BA0088ACC7 /* MBProgressHUD.h */ = {isa = PBXFileReference; fileEncoding = 4; lastKnownFileType = sourcecode.c.h; path = MBProgressHUD.h; sourceTree = "<group>"; };
		950BC6FA1B6A21BA0088ACC7 /* MBProgressHUD.m */ = {isa = PBXFileReference; fileEncoding = 4; lastKnownFileType = sourcecode.c.objc; path = MBProgressHUD.m; sourceTree = "<group>"; };
		950BC70D1B6A21DD0088ACC7 /* APIClient.h */ = {isa = PBXFileReference; fileEncoding = 4; lastKnownFileType = sourcecode.c.h; path = APIClient.h; sourceTree = "<group>"; };
		950BC70E1B6A21DD0088ACC7 /* APIClient.m */ = {isa = PBXFileReference; fileEncoding = 4; lastKnownFileType = sourcecode.c.objc; path = APIClient.m; sourceTree = "<group>"; };
		950BC7121B6B56970088ACC7 /* ru */ = {isa = PBXFileReference; lastKnownFileType = text.plist.strings; name = ru; path = ru.lproj/Main.strings; sourceTree = "<group>"; };
		950BC7131B6B56970088ACC7 /* ru */ = {isa = PBXFileReference; lastKnownFileType = text.plist.strings; name = ru; path = ru.lproj/LaunchScreen.strings; sourceTree = "<group>"; };
		950BC7151B6B56E90088ACC7 /* ru */ = {isa = PBXFileReference; lastKnownFileType = text.plist.strings; name = ru; path = ru.lproj/Localizable.strings; sourceTree = "<group>"; };
		950BC7171B6B56EF0088ACC7 /* en */ = {isa = PBXFileReference; lastKnownFileType = text.plist.strings; name = en; path = en.lproj/Localizable.strings; sourceTree = "<group>"; };
		951E1DC11B873E8000778318 /* AFHTTPRequestOperation.h */ = {isa = PBXFileReference; fileEncoding = 4; lastKnownFileType = sourcecode.c.h; path = AFHTTPRequestOperation.h; sourceTree = "<group>"; };
		951E1DC21B873E8000778318 /* AFHTTPRequestOperation.m */ = {isa = PBXFileReference; fileEncoding = 4; lastKnownFileType = sourcecode.c.objc; path = AFHTTPRequestOperation.m; sourceTree = "<group>"; };
		951E1DC31B873E8000778318 /* AFHTTPRequestOperationManager.h */ = {isa = PBXFileReference; fileEncoding = 4; lastKnownFileType = sourcecode.c.h; path = AFHTTPRequestOperationManager.h; sourceTree = "<group>"; };
		951E1DC41B873E8000778318 /* AFHTTPRequestOperationManager.m */ = {isa = PBXFileReference; fileEncoding = 4; lastKnownFileType = sourcecode.c.objc; path = AFHTTPRequestOperationManager.m; sourceTree = "<group>"; };
		951E1DC51B873E8000778318 /* AFHTTPSessionManager.h */ = {isa = PBXFileReference; fileEncoding = 4; lastKnownFileType = sourcecode.c.h; path = AFHTTPSessionManager.h; sourceTree = "<group>"; };
		951E1DC61B873E8000778318 /* AFHTTPSessionManager.m */ = {isa = PBXFileReference; fileEncoding = 4; lastKnownFileType = sourcecode.c.objc; path = AFHTTPSessionManager.m; sourceTree = "<group>"; };
		951E1DC71B873E8000778318 /* AFNetworking.h */ = {isa = PBXFileReference; fileEncoding = 4; lastKnownFileType = sourcecode.c.h; path = AFNetworking.h; sourceTree = "<group>"; };
		951E1DC81B873E8000778318 /* AFNetworkReachabilityManager.h */ = {isa = PBXFileReference; fileEncoding = 4; lastKnownFileType = sourcecode.c.h; path = AFNetworkReachabilityManager.h; sourceTree = "<group>"; };
		951E1DC91B873E8000778318 /* AFNetworkReachabilityManager.m */ = {isa = PBXFileReference; fileEncoding = 4; lastKnownFileType = sourcecode.c.objc; path = AFNetworkReachabilityManager.m; sourceTree = "<group>"; };
		951E1DCA1B873E8000778318 /* AFSecurityPolicy.h */ = {isa = PBXFileReference; fileEncoding = 4; lastKnownFileType = sourcecode.c.h; path = AFSecurityPolicy.h; sourceTree = "<group>"; };
		951E1DCB1B873E8000778318 /* AFSecurityPolicy.m */ = {isa = PBXFileReference; fileEncoding = 4; lastKnownFileType = sourcecode.c.objc; path = AFSecurityPolicy.m; sourceTree = "<group>"; };
		951E1DCC1B873E8000778318 /* AFURLConnectionOperation.h */ = {isa = PBXFileReference; fileEncoding = 4; lastKnownFileType = sourcecode.c.h; path = AFURLConnectionOperation.h; sourceTree = "<group>"; };
		951E1DCD1B873E8000778318 /* AFURLConnectionOperation.m */ = {isa = PBXFileReference; fileEncoding = 4; lastKnownFileType = sourcecode.c.objc; path = AFURLConnectionOperation.m; sourceTree = "<group>"; };
		951E1DCE1B873E8000778318 /* AFURLRequestSerialization.h */ = {isa = PBXFileReference; fileEncoding = 4; lastKnownFileType = sourcecode.c.h; path = AFURLRequestSerialization.h; sourceTree = "<group>"; };
		951E1DCF1B873E8000778318 /* AFURLRequestSerialization.m */ = {isa = PBXFileReference; fileEncoding = 4; lastKnownFileType = sourcecode.c.objc; path = AFURLRequestSerialization.m; sourceTree = "<group>"; };
		951E1DD01B873E8000778318 /* AFURLResponseSerialization.h */ = {isa = PBXFileReference; fileEncoding = 4; lastKnownFileType = sourcecode.c.h; path = AFURLResponseSerialization.h; sourceTree = "<group>"; };
		951E1DD11B873E8000778318 /* AFURLResponseSerialization.m */ = {isa = PBXFileReference; fileEncoding = 4; lastKnownFileType = sourcecode.c.objc; path = AFURLResponseSerialization.m; sourceTree = "<group>"; };
		951E1DD21B873E8000778318 /* AFURLSessionManager.h */ = {isa = PBXFileReference; fileEncoding = 4; lastKnownFileType = sourcecode.c.h; path = AFURLSessionManager.h; sourceTree = "<group>"; };
		951E1DD31B873E8000778318 /* AFURLSessionManager.m */ = {isa = PBXFileReference; fileEncoding = 4; lastKnownFileType = sourcecode.c.objc; path = AFURLSessionManager.m; sourceTree = "<group>"; };
		951E1DD51B873E8000778318 /* AFNetworkActivityIndicatorManager.h */ = {isa = PBXFileReference; fileEncoding = 4; lastKnownFileType = sourcecode.c.h; path = AFNetworkActivityIndicatorManager.h; sourceTree = "<group>"; };
		951E1DD61B873E8000778318 /* AFNetworkActivityIndicatorManager.m */ = {isa = PBXFileReference; fileEncoding = 4; lastKnownFileType = sourcecode.c.objc; path = AFNetworkActivityIndicatorManager.m; sourceTree = "<group>"; };
		951E1DD71B873E8000778318 /* UIActivityIndicatorView+AFNetworking.h */ = {isa = PBXFileReference; fileEncoding = 4; lastKnownFileType = sourcecode.c.h; path = "UIActivityIndicatorView+AFNetworking.h"; sourceTree = "<group>"; };
		951E1DD81B873E8000778318 /* UIActivityIndicatorView+AFNetworking.m */ = {isa = PBXFileReference; fileEncoding = 4; lastKnownFileType = sourcecode.c.objc; path = "UIActivityIndicatorView+AFNetworking.m"; sourceTree = "<group>"; };
		951E1DD91B873E8000778318 /* UIAlertView+AFNetworking.h */ = {isa = PBXFileReference; fileEncoding = 4; lastKnownFileType = sourcecode.c.h; path = "UIAlertView+AFNetworking.h"; sourceTree = "<group>"; };
		951E1DDA1B873E8000778318 /* UIAlertView+AFNetworking.m */ = {isa = PBXFileReference; fileEncoding = 4; lastKnownFileType = sourcecode.c.objc; path = "UIAlertView+AFNetworking.m"; sourceTree = "<group>"; };
		951E1DDB1B873E8000778318 /* UIButton+AFNetworking.h */ = {isa = PBXFileReference; fileEncoding = 4; lastKnownFileType = sourcecode.c.h; path = "UIButton+AFNetworking.h"; sourceTree = "<group>"; };
		951E1DDC1B873E8000778318 /* UIButton+AFNetworking.m */ = {isa = PBXFileReference; fileEncoding = 4; lastKnownFileType = sourcecode.c.objc; path = "UIButton+AFNetworking.m"; sourceTree = "<group>"; };
		951E1DDD1B873E8000778318 /* UIImageView+AFNetworking.h */ = {isa = PBXFileReference; fileEncoding = 4; lastKnownFileType = sourcecode.c.h; path = "UIImageView+AFNetworking.h"; sourceTree = "<group>"; };
		951E1DDE1B873E8000778318 /* UIImageView+AFNetworking.m */ = {isa = PBXFileReference; fileEncoding = 4; lastKnownFileType = sourcecode.c.objc; path = "UIImageView+AFNetworking.m"; sourceTree = "<group>"; };
		951E1DDF1B873E8000778318 /* UIKit+AFNetworking.h */ = {isa = PBXFileReference; fileEncoding = 4; lastKnownFileType = sourcecode.c.h; path = "UIKit+AFNetworking.h"; sourceTree = "<group>"; };
		951E1DE01B873E8000778318 /* UIProgressView+AFNetworking.h */ = {isa = PBXFileReference; fileEncoding = 4; lastKnownFileType = sourcecode.c.h; path = "UIProgressView+AFNetworking.h"; sourceTree = "<group>"; };
		951E1DE11B873E8000778318 /* UIProgressView+AFNetworking.m */ = {isa = PBXFileReference; fileEncoding = 4; lastKnownFileType = sourcecode.c.objc; path = "UIProgressView+AFNetworking.m"; sourceTree = "<group>"; };
		951E1DE21B873E8000778318 /* UIWebView+AFNetworking.h */ = {isa = PBXFileReference; fileEncoding = 4; lastKnownFileType = sourcecode.c.h; path = "UIWebView+AFNetworking.h"; sourceTree = "<group>"; };
		951E1DE31B873E8000778318 /* UIWebView+AFNetworking.m */ = {isa = PBXFileReference; fileEncoding = 4; lastKnownFileType = sourcecode.c.objc; path = "UIWebView+AFNetworking.m"; sourceTree = "<group>"; };
		95BC406D1B6B6D580061CA7B /* Lato-Black.ttf */ = {isa = PBXFileReference; lastKnownFileType = file; path = "Lato-Black.ttf"; sourceTree = "<group>"; };
		95BC406E1B6B6D580061CA7B /* Lato-Bold.ttf */ = {isa = PBXFileReference; lastKnownFileType = file; path = "Lato-Bold.ttf"; sourceTree = "<group>"; };
		95BC406F1B6B6DE80061CA7B /* Lato-Regular.ttf */ = {isa = PBXFileReference; lastKnownFileType = file; path = "Lato-Regular.ttf"; sourceTree = "<group>"; };
		95BC40701B6B71D60061CA7B /* Constants.h */ = {isa = PBXFileReference; lastKnownFileType = sourcecode.c.h; path = Constants.h; sourceTree = "<group>"; };
		95BC40721B6B75F50061CA7B /* Lato-MediumItalic.ttf */ = {isa = PBXFileReference; lastKnownFileType = file; path = "Lato-MediumItalic.ttf"; sourceTree = "<group>"; };
		95BC407C1B6B8CEA0061CA7B /* UIImage+Color.h */ = {isa = PBXFileReference; fileEncoding = 4; lastKnownFileType = sourcecode.c.h; name = "UIImage+Color.h"; path = "Categories/UIImage+Color.h"; sourceTree = "<group>"; };
		95BC407D1B6B8CEA0061CA7B /* UIImage+Color.m */ = {isa = PBXFileReference; fileEncoding = 4; lastKnownFileType = sourcecode.c.objc; name = "UIImage+Color.m"; path = "Categories/UIImage+Color.m"; sourceTree = "<group>"; };
		95FAE6C91B85EFC600667A0A /* en */ = {isa = PBXFileReference; lastKnownFileType = text.xml; name = en; path = en.lproj/Localizable.stringsdict; sourceTree = "<group>"; };
		95FAE6CA1B85EFC700667A0A /* ru */ = {isa = PBXFileReference; lastKnownFileType = text.xml; name = ru; path = ru.lproj/Localizable.stringsdict; sourceTree = "<group>"; };
/* End PBXFileReference section */

/* Begin PBXFrameworksBuildPhase section */
		950BC6951B69D9FD0088ACC7 /* Frameworks */ = {
			isa = PBXFrameworksBuildPhase;
			buildActionMask = 2147483647;
			files = (
			);
			runOnlyForDeploymentPostprocessing = 0;
		};
		950BC6AE1B69D9FD0088ACC7 /* Frameworks */ = {
			isa = PBXFrameworksBuildPhase;
			buildActionMask = 2147483647;
			files = (
			);
			runOnlyForDeploymentPostprocessing = 0;
		};
/* End PBXFrameworksBuildPhase section */

/* Begin PBXGroup section */
		950BC68F1B69D9FD0088ACC7 = {
			isa = PBXGroup;
			children = (
				950BC69A1B69D9FD0088ACC7 /* MoneyExchange */,
				950BC6B41B69D9FD0088ACC7 /* MoneyExchangeTests */,
				950BC6991B69D9FD0088ACC7 /* Products */,
			);
			sourceTree = "<group>";
		};
		950BC6991B69D9FD0088ACC7 /* Products */ = {
			isa = PBXGroup;
			children = (
				950BC6981B69D9FD0088ACC7 /* MoneyExchange.app */,
				950BC6B11B69D9FD0088ACC7 /* MoneyExchangeTests.xctest */,
			);
			name = Products;
			sourceTree = "<group>";
		};
		950BC69A1B69D9FD0088ACC7 /* MoneyExchange */ = {
			isa = PBXGroup;
			children = (
				95BC407B1B6B8CAA0061CA7B /* Categories */,
				95BC406C1B6B6D4A0061CA7B /* Fonts */,
				950BC7161B6B56E90088ACC7 /* Localizable.strings */,
				95FAE6C81B85EFC300667A0A /* Localizable.stringsdict */,
				950BC70C1B6A21C20088ACC7 /* Network */,
				950BC6D31B6A21910088ACC7 /* libs */,
				950BC6C41B69E6160088ACC7 /* Views */,
				950BC69F1B69D9FD0088ACC7 /* AppDelegate.h */,
				950BC6A01B69D9FD0088ACC7 /* AppDelegate.m */,
				950BC6A21B69D9FD0088ACC7 /* ViewController.h */,
				950BC6A31B69D9FD0088ACC7 /* ViewController.m */,
				950BC6A51B69D9FD0088ACC7 /* Main.storyboard */,
				950BC6A81B69D9FD0088ACC7 /* Images.xcassets */,
				950BC6AA1B69D9FD0088ACC7 /* LaunchScreen.xib */,
				950BC69B1B69D9FD0088ACC7 /* Supporting Files */,
				95BC40701B6B71D60061CA7B /* Constants.h */,
			);
			path = MoneyExchange;
			sourceTree = "<group>";
		};
		950BC69B1B69D9FD0088ACC7 /* Supporting Files */ = {
			isa = PBXGroup;
			children = (
				950BC69C1B69D9FD0088ACC7 /* Info.plist */,
				950BC69D1B69D9FD0088ACC7 /* main.m */,
			);
			name = "Supporting Files";
			sourceTree = "<group>";
		};
		950BC6B41B69D9FD0088ACC7 /* MoneyExchangeTests */ = {
			isa = PBXGroup;
			children = (
				950BC6B71B69D9FD0088ACC7 /* MoneyExchangeTests.m */,
				950BC6B51B69D9FD0088ACC7 /* Supporting Files */,
			);
			path = MoneyExchangeTests;
			sourceTree = "<group>";
		};
		950BC6B51B69D9FD0088ACC7 /* Supporting Files */ = {
			isa = PBXGroup;
			children = (
				950BC6B61B69D9FD0088ACC7 /* Info.plist */,
			);
			name = "Supporting Files";
			sourceTree = "<group>";
		};
		950BC6C41B69E6160088ACC7 /* Views */ = {
			isa = PBXGroup;
			children = (
				950BC6D01B69E7680088ACC7 /* MoneyTypeTableViewCell.h */,
				950BC6D11B69E7680088ACC7 /* MoneyTypeTableViewCell.m */,
			);
			name = Views;
			sourceTree = "<group>";
		};
		950BC6D31B6A21910088ACC7 /* libs */ = {
			isa = PBXGroup;
			children = (
				951E1DC01B873E8000778318 /* AFNetworking */,
				950BC6F81B6A21BA0088ACC7 /* MBProgressHUD */,
			);
			name = libs;
			sourceTree = "<group>";
		};
		950BC6F81B6A21BA0088ACC7 /* MBProgressHUD */ = {
			isa = PBXGroup;
			children = (
				950BC6F91B6A21BA0088ACC7 /* MBProgressHUD.h */,
				950BC6FA1B6A21BA0088ACC7 /* MBProgressHUD.m */,
			);
			path = MBProgressHUD;
			sourceTree = "<group>";
		};
		950BC70C1B6A21C20088ACC7 /* Network */ = {
			isa = PBXGroup;
			children = (
				950BC70D1B6A21DD0088ACC7 /* APIClient.h */,
				950BC70E1B6A21DD0088ACC7 /* APIClient.m */,
			);
			name = Network;
			sourceTree = "<group>";
		};
		951E1DC01B873E8000778318 /* AFNetworking */ = {
			isa = PBXGroup;
			children = (
				951E1DC11B873E8000778318 /* AFHTTPRequestOperation.h */,
				951E1DC21B873E8000778318 /* AFHTTPRequestOperation.m */,
				951E1DC31B873E8000778318 /* AFHTTPRequestOperationManager.h */,
				951E1DC41B873E8000778318 /* AFHTTPRequestOperationManager.m */,
				951E1DC51B873E8000778318 /* AFHTTPSessionManager.h */,
				951E1DC61B873E8000778318 /* AFHTTPSessionManager.m */,
				951E1DC71B873E8000778318 /* AFNetworking.h */,
				951E1DC81B873E8000778318 /* AFNetworkReachabilityManager.h */,
				951E1DC91B873E8000778318 /* AFNetworkReachabilityManager.m */,
				951E1DCA1B873E8000778318 /* AFSecurityPolicy.h */,
				951E1DCB1B873E8000778318 /* AFSecurityPolicy.m */,
				951E1DCC1B873E8000778318 /* AFURLConnectionOperation.h */,
				951E1DCD1B873E8000778318 /* AFURLConnectionOperation.m */,
				951E1DCE1B873E8000778318 /* AFURLRequestSerialization.h */,
				951E1DCF1B873E8000778318 /* AFURLRequestSerialization.m */,
				951E1DD01B873E8000778318 /* AFURLResponseSerialization.h */,
				951E1DD11B873E8000778318 /* AFURLResponseSerialization.m */,
				951E1DD21B873E8000778318 /* AFURLSessionManager.h */,
				951E1DD31B873E8000778318 /* AFURLSessionManager.m */,
				951E1DD41B873E8000778318 /* UIKit+AFNetworking */,
			);
			path = AFNetworking;
			sourceTree = "<group>";
		};
		951E1DD41B873E8000778318 /* UIKit+AFNetworking */ = {
			isa = PBXGroup;
			children = (
				951E1DD51B873E8000778318 /* AFNetworkActivityIndicatorManager.h */,
				951E1DD61B873E8000778318 /* AFNetworkActivityIndicatorManager.m */,
				951E1DD71B873E8000778318 /* UIActivityIndicatorView+AFNetworking.h */,
				951E1DD81B873E8000778318 /* UIActivityIndicatorView+AFNetworking.m */,
				951E1DD91B873E8000778318 /* UIAlertView+AFNetworking.h */,
				951E1DDA1B873E8000778318 /* UIAlertView+AFNetworking.m */,
				951E1DDB1B873E8000778318 /* UIButton+AFNetworking.h */,
				951E1DDC1B873E8000778318 /* UIButton+AFNetworking.m */,
				951E1DDD1B873E8000778318 /* UIImageView+AFNetworking.h */,
				951E1DDE1B873E8000778318 /* UIImageView+AFNetworking.m */,
				951E1DDF1B873E8000778318 /* UIKit+AFNetworking.h */,
				951E1DE01B873E8000778318 /* UIProgressView+AFNetworking.h */,
				951E1DE11B873E8000778318 /* UIProgressView+AFNetworking.m */,
				951E1DE21B873E8000778318 /* UIWebView+AFNetworking.h */,
				951E1DE31B873E8000778318 /* UIWebView+AFNetworking.m */,
			);
			path = "UIKit+AFNetworking";
			sourceTree = "<group>";
		};
		95BC406C1B6B6D4A0061CA7B /* Fonts */ = {
			isa = PBXGroup;
			children = (
				95BC40721B6B75F50061CA7B /* Lato-MediumItalic.ttf */,
				95BC406F1B6B6DE80061CA7B /* Lato-Regular.ttf */,
				95BC406D1B6B6D580061CA7B /* Lato-Black.ttf */,
				95BC406E1B6B6D580061CA7B /* Lato-Bold.ttf */,
			);
			name = Fonts;
			sourceTree = "<group>";
		};
		95BC407B1B6B8CAA0061CA7B /* Categories */ = {
			isa = PBXGroup;
			children = (
				95BC407C1B6B8CEA0061CA7B /* UIImage+Color.h */,
				95BC407D1B6B8CEA0061CA7B /* UIImage+Color.m */,
			);
			name = Categories;
			sourceTree = "<group>";
		};
/* End PBXGroup section */

/* Begin PBXNativeTarget section */
		950BC6971B69D9FD0088ACC7 /* MoneyExchange */ = {
			isa = PBXNativeTarget;
			buildConfigurationList = 950BC6BB1B69D9FD0088ACC7 /* Build configuration list for PBXNativeTarget "MoneyExchange" */;
			buildPhases = (
				950BC6941B69D9FD0088ACC7 /* Sources */,
				950BC6951B69D9FD0088ACC7 /* Frameworks */,
				950BC6961B69D9FD0088ACC7 /* Resources */,
			);
			buildRules = (
			);
			dependencies = (
			);
			name = MoneyExchange;
			productName = MoneyExchange;
			productReference = 950BC6981B69D9FD0088ACC7 /* MoneyExchange.app */;
			productType = "com.apple.product-type.application";
		};
		950BC6B01B69D9FD0088ACC7 /* MoneyExchangeTests */ = {
			isa = PBXNativeTarget;
			buildConfigurationList = 950BC6BE1B69D9FD0088ACC7 /* Build configuration list for PBXNativeTarget "MoneyExchangeTests" */;
			buildPhases = (
				950BC6AD1B69D9FD0088ACC7 /* Sources */,
				950BC6AE1B69D9FD0088ACC7 /* Frameworks */,
				950BC6AF1B69D9FD0088ACC7 /* Resources */,
			);
			buildRules = (
			);
			dependencies = (
				950BC6B31B69D9FD0088ACC7 /* PBXTargetDependency */,
			);
			name = MoneyExchangeTests;
			productName = MoneyExchangeTests;
			productReference = 950BC6B11B69D9FD0088ACC7 /* MoneyExchangeTests.xctest */;
			productType = "com.apple.product-type.bundle.unit-test";
		};
/* End PBXNativeTarget section */

/* Begin PBXProject section */
		950BC6901B69D9FD0088ACC7 /* Project object */ = {
			isa = PBXProject;
			attributes = {
				LastUpgradeCheck = 0630;
				ORGANIZATIONNAME = Company;
				TargetAttributes = {
					950BC6971B69D9FD0088ACC7 = {
						CreatedOnToolsVersion = 6.3.2;
					};
					950BC6B01B69D9FD0088ACC7 = {
						CreatedOnToolsVersion = 6.3.2;
						TestTargetID = 950BC6971B69D9FD0088ACC7;
					};
				};
			};
			buildConfigurationList = 950BC6931B69D9FD0088ACC7 /* Build configuration list for PBXProject "MoneyExchange" */;
			compatibilityVersion = "Xcode 3.2";
			developmentRegion = English;
			hasScannedForEncodings = 0;
			knownRegions = (
				en,
				Base,
				ru,
			);
			mainGroup = 950BC68F1B69D9FD0088ACC7;
			productRefGroup = 950BC6991B69D9FD0088ACC7 /* Products */;
			projectDirPath = "";
			projectRoot = "";
			targets = (
				950BC6971B69D9FD0088ACC7 /* MoneyExchange */,
				950BC6B01B69D9FD0088ACC7 /* MoneyExchangeTests */,
			);
		};
/* End PBXProject section */

/* Begin PBXResourcesBuildPhase section */
		950BC6961B69D9FD0088ACC7 /* Resources */ = {
			isa = PBXResourcesBuildPhase;
			buildActionMask = 2147483647;
			files = (
				950BC7141B6B56E90088ACC7 /* Localizable.strings in Resources */,
				950BC6A71B69D9FD0088ACC7 /* Main.storyboard in Resources */,
				950BC6AC1B69D9FD0088ACC7 /* LaunchScreen.xib in Resources */,
				950BC6A91B69D9FD0088ACC7 /* Images.xcassets in Resources */,
				95FAE6C61B85EFC300667A0A /* Localizable.stringsdict in Resources */,
				95BC40781B6B7D480061CA7B /* Lato-MediumItalic.ttf in Resources */,
				95BC40771B6B7D1A0061CA7B /* Lato-Bold.ttf in Resources */,
				95BC407A1B6B7D4E0061CA7B /* Lato-Black.ttf in Resources */,
				95BC40791B6B7D4B0061CA7B /* Lato-Regular.ttf in Resources */,
			);
			runOnlyForDeploymentPostprocessing = 0;
		};
		950BC6AF1B69D9FD0088ACC7 /* Resources */ = {
			isa = PBXResourcesBuildPhase;
			buildActionMask = 2147483647;
			files = (
			);
			runOnlyForDeploymentPostprocessing = 0;
		};
/* End PBXResourcesBuildPhase section */

/* Begin PBXSourcesBuildPhase section */
		950BC6941B69D9FD0088ACC7 /* Sources */ = {
			isa = PBXSourcesBuildPhase;
			buildActionMask = 2147483647;
			files = (
				951E1DE91B873E8000778318 /* AFURLConnectionOperation.m in Sources */,
				950BC6A41B69D9FD0088ACC7 /* ViewController.m in Sources */,
				951E1DF21B873E8000778318 /* UIProgressView+AFNetworking.m in Sources */,
				95BC407E1B6B8CEA0061CA7B /* UIImage+Color.m in Sources */,
				951E1DEF1B873E8000778318 /* UIAlertView+AFNetworking.m in Sources */,
				950BC70F1B6A21DD0088ACC7 /* APIClient.m in Sources */,
				951E1DEB1B873E8000778318 /* AFURLResponseSerialization.m in Sources */,
				951E1DF01B873E8000778318 /* UIButton+AFNetworking.m in Sources */,
				950BC6A11B69D9FD0088ACC7 /* AppDelegate.m in Sources */,
				951E1DEE1B873E8000778318 /* UIActivityIndicatorView+AFNetworking.m in Sources */,
				951E1DEA1B873E8000778318 /* AFURLRequestSerialization.m in Sources */,
				951E1DED1B873E8000778318 /* AFNetworkActivityIndicatorManager.m in Sources */,
				951E1DE81B873E8000778318 /* AFSecurityPolicy.m in Sources */,
				951E1DE41B873E8000778318 /* AFHTTPRequestOperation.m in Sources */,
				951E1DEC1B873E8000778318 /* AFURLSessionManager.m in Sources */,
				950BC69E1B69D9FD0088ACC7 /* main.m in Sources */,
				951E1DF31B873E8000778318 /* UIWebView+AFNetworking.m in Sources */,
				950BC70B1B6A21BA0088ACC7 /* MBProgressHUD.m in Sources */,
				951E1DE61B873E8000778318 /* AFHTTPSessionManager.m in Sources */,
				950BC6D21B69E7680088ACC7 /* MoneyTypeTableViewCell.m in Sources */,
				951E1DE71B873E8000778318 /* AFNetworkReachabilityManager.m in Sources */,
				951E1DF11B873E8000778318 /* UIImageView+AFNetworking.m in Sources */,
				951E1DE51B873E8000778318 /* AFHTTPRequestOperationManager.m in Sources */,
			);
			runOnlyForDeploymentPostprocessing = 0;
		};
		950BC6AD1B69D9FD0088ACC7 /* Sources */ = {
			isa = PBXSourcesBuildPhase;
			buildActionMask = 2147483647;
			files = (
				950BC6B81B69D9FD0088ACC7 /* MoneyExchangeTests.m in Sources */,
			);
			runOnlyForDeploymentPostprocessing = 0;
		};
/* End PBXSourcesBuildPhase section */

/* Begin PBXTargetDependency section */
		950BC6B31B69D9FD0088ACC7 /* PBXTargetDependency */ = {
			isa = PBXTargetDependency;
			target = 950BC6971B69D9FD0088ACC7 /* MoneyExchange */;
			targetProxy = 950BC6B21B69D9FD0088ACC7 /* PBXContainerItemProxy */;
		};
/* End PBXTargetDependency section */

/* Begin PBXVariantGroup section */
		950BC6A51B69D9FD0088ACC7 /* Main.storyboard */ = {
			isa = PBXVariantGroup;
			children = (
				950BC6A61B69D9FD0088ACC7 /* Base */,
				950BC7121B6B56970088ACC7 /* ru */,
			);
			name = Main.storyboard;
			sourceTree = "<group>";
		};
		950BC6AA1B69D9FD0088ACC7 /* LaunchScreen.xib */ = {
			isa = PBXVariantGroup;
			children = (
				950BC6AB1B69D9FD0088ACC7 /* Base */,
				950BC7131B6B56970088ACC7 /* ru */,
			);
			name = LaunchScreen.xib;
			sourceTree = "<group>";
		};
		950BC7161B6B56E90088ACC7 /* Localizable.strings */ = {
			isa = PBXVariantGroup;
			children = (
				950BC7151B6B56E90088ACC7 /* ru */,
				950BC7171B6B56EF0088ACC7 /* en */,
			);
			name = Localizable.strings;
			sourceTree = "<group>";
		};
		95FAE6C81B85EFC300667A0A /* Localizable.stringsdict */ = {
			isa = PBXVariantGroup;
			children = (
				95FAE6C91B85EFC600667A0A /* en */,
				95FAE6CA1B85EFC700667A0A /* ru */,
			);
			name = Localizable.stringsdict;
			sourceTree = "<group>";
		};
/* End PBXVariantGroup section */

/* Begin XCBuildConfiguration section */
		950BC6B91B69D9FD0088ACC7 /* Debug */ = {
			isa = XCBuildConfiguration;
			buildSettings = {
				ALWAYS_SEARCH_USER_PATHS = NO;
				CLANG_CXX_LANGUAGE_STANDARD = "gnu++0x";
				CLANG_CXX_LIBRARY = "libc++";
				CLANG_ENABLE_MODULES = YES;
				CLANG_ENABLE_OBJC_ARC = YES;
				CLANG_WARN_BOOL_CONVERSION = YES;
				CLANG_WARN_CONSTANT_CONVERSION = YES;
				CLANG_WARN_DIRECT_OBJC_ISA_USAGE = YES_ERROR;
				CLANG_WARN_EMPTY_BODY = YES;
				CLANG_WARN_ENUM_CONVERSION = YES;
				CLANG_WARN_INT_CONVERSION = YES;
				CLANG_WARN_OBJC_ROOT_CLASS = YES_ERROR;
				CLANG_WARN_UNREACHABLE_CODE = YES;
				CLANG_WARN__DUPLICATE_METHOD_MATCH = YES;
				"CODE_SIGN_IDENTITY[sdk=iphoneos*]" = "iPhone Developer";
				COPY_PHASE_STRIP = NO;
				DEBUG_INFORMATION_FORMAT = "dwarf-with-dsym";
				ENABLE_STRICT_OBJC_MSGSEND = YES;
				GCC_C_LANGUAGE_STANDARD = gnu99;
				GCC_DYNAMIC_NO_PIC = NO;
				GCC_NO_COMMON_BLOCKS = YES;
				GCC_OPTIMIZATION_LEVEL = 0;
				GCC_PREPROCESSOR_DEFINITIONS = (
					"DEBUG=1",
					"$(inherited)",
				);
				GCC_SYMBOLS_PRIVATE_EXTERN = NO;
				GCC_WARN_64_TO_32_BIT_CONVERSION = YES;
				GCC_WARN_ABOUT_RETURN_TYPE = YES_ERROR;
				GCC_WARN_UNDECLARED_SELECTOR = YES;
				GCC_WARN_UNINITIALIZED_AUTOS = YES_AGGRESSIVE;
				GCC_WARN_UNUSED_FUNCTION = YES;
				GCC_WARN_UNUSED_VARIABLE = YES;
				IPHONEOS_DEPLOYMENT_TARGET = 8.3;
				MTL_ENABLE_DEBUG_INFO = YES;
				ONLY_ACTIVE_ARCH = YES;
				SDKROOT = iphoneos;
			};
			name = Debug;
		};
		950BC6BA1B69D9FD0088ACC7 /* Release */ = {
			isa = XCBuildConfiguration;
			buildSettings = {
				ALWAYS_SEARCH_USER_PATHS = NO;
				CLANG_CXX_LANGUAGE_STANDARD = "gnu++0x";
				CLANG_CXX_LIBRARY = "libc++";
				CLANG_ENABLE_MODULES = YES;
				CLANG_ENABLE_OBJC_ARC = YES;
				CLANG_WARN_BOOL_CONVERSION = YES;
				CLANG_WARN_CONSTANT_CONVERSION = YES;
				CLANG_WARN_DIRECT_OBJC_ISA_USAGE = YES_ERROR;
				CLANG_WARN_EMPTY_BODY = YES;
				CLANG_WARN_ENUM_CONVERSION = YES;
				CLANG_WARN_INT_CONVERSION = YES;
				CLANG_WARN_OBJC_ROOT_CLASS = YES_ERROR;
				CLANG_WARN_UNREACHABLE_CODE = YES;
				CLANG_WARN__DUPLICATE_METHOD_MATCH = YES;
				"CODE_SIGN_IDENTITY[sdk=iphoneos*]" = "iPhone Developer";
				COPY_PHASE_STRIP = NO;
				DEBUG_INFORMATION_FORMAT = "dwarf-with-dsym";
				ENABLE_NS_ASSERTIONS = NO;
				ENABLE_STRICT_OBJC_MSGSEND = YES;
				GCC_C_LANGUAGE_STANDARD = gnu99;
				GCC_NO_COMMON_BLOCKS = YES;
				GCC_WARN_64_TO_32_BIT_CONVERSION = YES;
				GCC_WARN_ABOUT_RETURN_TYPE = YES_ERROR;
				GCC_WARN_UNDECLARED_SELECTOR = YES;
				GCC_WARN_UNINITIALIZED_AUTOS = YES_AGGRESSIVE;
				GCC_WARN_UNUSED_FUNCTION = YES;
				GCC_WARN_UNUSED_VARIABLE = YES;
				IPHONEOS_DEPLOYMENT_TARGET = 8.3;
				MTL_ENABLE_DEBUG_INFO = NO;
				SDKROOT = iphoneos;
				VALIDATE_PRODUCT = YES;
			};
			name = Release;
		};
		950BC6BC1B69D9FD0088ACC7 /* Debug */ = {
			isa = XCBuildConfiguration;
			buildSettings = {
				ASSETCATALOG_COMPILER_APPICON_NAME = AppIcon;
				ASSETCATALOG_COMPILER_LAUNCHIMAGE_NAME = LaunchImage;
				INFOPLIST_FILE = MoneyExchange/Info.plist;
				IPHONEOS_DEPLOYMENT_TARGET = 8.0;
				LD_RUNPATH_SEARCH_PATHS = "$(inherited) @executable_path/Frameworks";
				PRODUCT_NAME = "$(TARGET_NAME)";
			};
			name = Debug;
		};
		950BC6BD1B69D9FD0088ACC7 /* Release */ = {
			isa = XCBuildConfiguration;
			buildSettings = {
				ASSETCATALOG_COMPILER_APPICON_NAME = AppIcon;
				ASSETCATALOG_COMPILER_LAUNCHIMAGE_NAME = LaunchImage;
				INFOPLIST_FILE = MoneyExchange/Info.plist;
				IPHONEOS_DEPLOYMENT_TARGET = 8.0;
				LD_RUNPATH_SEARCH_PATHS = "$(inherited) @executable_path/Frameworks";
				PRODUCT_NAME = "$(TARGET_NAME)";
			};
			name = Release;
		};
		950BC6BF1B69D9FD0088ACC7 /* Debug */ = {
			isa = XCBuildConfiguration;
			buildSettings = {
				BUNDLE_LOADER = "$(TEST_HOST)";
				FRAMEWORK_SEARCH_PATHS = (
					"$(SDKROOT)/Developer/Library/Frameworks",
					"$(inherited)",
				);
				GCC_PREPROCESSOR_DEFINITIONS = (
					"DEBUG=1",
					"$(inherited)",
				);
				INFOPLIST_FILE = MoneyExchangeTests/Info.plist;
				LD_RUNPATH_SEARCH_PATHS = "$(inherited) @executable_path/Frameworks @loader_path/Frameworks";
				PRODUCT_NAME = "$(TARGET_NAME)";
				TEST_HOST = "$(BUILT_PRODUCTS_DIR)/MoneyExchange.app/MoneyExchange";
			};
			name = Debug;
		};
		950BC6C01B69D9FD0088ACC7 /* Release */ = {
			isa = XCBuildConfiguration;
			buildSettings = {
				BUNDLE_LOADER = "$(TEST_HOST)";
				FRAMEWORK_SEARCH_PATHS = (
					"$(SDKROOT)/Developer/Library/Frameworks",
					"$(inherited)",
				);
				INFOPLIST_FILE = MoneyExchangeTests/Info.plist;
				LD_RUNPATH_SEARCH_PATHS = "$(inherited) @executable_path/Frameworks @loader_path/Frameworks";
				PRODUCT_NAME = "$(TARGET_NAME)";
				TEST_HOST = "$(BUILT_PRODUCTS_DIR)/MoneyExchange.app/MoneyExchange";
			};
			name = Release;
		};
/* End XCBuildConfiguration section */

/* Begin XCConfigurationList section */
		950BC6931B69D9FD0088ACC7 /* Build configuration list for PBXProject "MoneyExchange" */ = {
			isa = XCConfigurationList;
			buildConfigurations = (
				950BC6B91B69D9FD0088ACC7 /* Debug */,
				950BC6BA1B69D9FD0088ACC7 /* Release */,
			);
			defaultConfigurationIsVisible = 0;
			defaultConfigurationName = Release;
		};
		950BC6BB1B69D9FD0088ACC7 /* Build configuration list for PBXNativeTarget "MoneyExchange" */ = {
			isa = XCConfigurationList;
			buildConfigurations = (
				950BC6BC1B69D9FD0088ACC7 /* Debug */,
				950BC6BD1B69D9FD0088ACC7 /* Release */,
			);
			defaultConfigurationIsVisible = 0;
			defaultConfigurationName = Release;
		};
		950BC6BE1B69D9FD0088ACC7 /* Build configuration list for PBXNativeTarget "MoneyExchangeTests" */ = {
			isa = XCConfigurationList;
			buildConfigurations = (
				950BC6BF1B69D9FD0088ACC7 /* Debug */,
				950BC6C01B69D9FD0088ACC7 /* Release */,
			);
			defaultConfigurationIsVisible = 0;
			defaultConfigurationName = Release;
		};
/* End XCConfigurationList section */
	};
	rootObject = 950BC6901B69D9FD0088ACC7 /* Project object */;
}
